
Microsoft Visual Studio Solution File, Format Version 12.00
# Visual Studio Version 16
VisualStudioVersion = 16.0.31205.134
MinimumVisualStudioVersion = 10.0.40219.1
Project("{FAE04EC0-301F-11D3-BF4B-00C04F79EFBC}") = "ex listas", "ex listas\ex listas.csproj", "{4C456A65-F9E1-480A-93D7-527F9024C039}"
EndProject
Global
	GlobalSection(SolutionConfigurationPlatforms) = preSolution
		Debug|Any CPU = Debug|Any CPU
		Release|Any CPU = Release|Any CPU
	EndGlobalSection
	GlobalSection(ProjectConfigurationPlatforms) = postSolution
		{4C456A65-F9E1-480A-93D7-527F9024C039}.Debug|Any CPU.ActiveCfg = Debug|Any CPU
		{4C456A65-F9E1-480A-93D7-527F9024C039}.Debug|Any CPU.Build.0 = Debug|Any CPU
		{4C456A65-F9E1-480A-93D7-527F9024C039}.Release|Any CPU.ActiveCfg = Release|Any CPU
		{4C456A65-F9E1-480A-93D7-527F9024C039}.Release|Any CPU.Build.0 = Release|Any CPU
	EndGlobalSection
	GlobalSection(SolutionProperties) = preSolution
		HideSolutionNode = FALSE
	EndGlobalSection
	GlobalSection(ExtensibilityGlobals) = postSolution
		SolutionGuid = {9F0C18F5-E524-4295-AF63-1C0787ACBE2E}
	EndGlobalSection
EndGlobal
